
Microsoft Visual Studio Solution File, Format Version 12.00
# Visual Studio Version 16
VisualStudioVersion = 16.0.30907.101
MinimumVisualStudioVersion = 10.0.40219.1
Project("{9A19103F-16F7-4668-BE54-9A1E7A4F7556}") = "BookMarkManager.WebAPI", "BookMarkManager.WebAPI\BookMarkManager.WebAPI.csproj", "{BCDBBF35-27D9-4096-8443-3426B2FED446}"
EndProject
Project("{9A19103F-16F7-4668-BE54-9A1E7A4F7556}") = "BookMarkManager.Dal", "BookMarkManager.Dal\BookMarkManager.Dal.csproj", "{FD534F9F-7BA8-449C-9609-2C88D1485AE2}"
EndProject
Project("{9A19103F-16F7-4668-BE54-9A1E7A4F7556}") = "BookMarkManager.Services", "BookMarkManager.Services\BookMarkManager.Services.csproj", "{DD6C0325-A488-409E-859E-913F64071076}"
EndProject
Project("{9A19103F-16F7-4668-BE54-9A1E7A4F7556}") = "BookMarkManager.Model", "BookMarkManager.Model\BookMarkManager.Model.csproj", "{69C72684-176F-476D-B088-8E9A87354092}"
EndProject
Project("{9A19103F-16F7-4668-BE54-9A1E7A4F7556}") = "XUnitTestProject", "XUnitTestProject\XUnitTestProject.csproj", "{22ED08D2-807C-4EC2-826E-701C01E7B2B6}"
EndProject
Global
	GlobalSection(SolutionConfigurationPlatforms) = preSolution
		Debug|Any CPU = Debug|Any CPU
		Release|Any CPU = Release|Any CPU
	EndGlobalSection
	GlobalSection(ProjectConfigurationPlatforms) = postSolution
		{BCDBBF35-27D9-4096-8443-3426B2FED446}.Debug|Any CPU.ActiveCfg = Debug|Any CPU
		{BCDBBF35-27D9-4096-8443-3426B2FED446}.Debug|Any CPU.Build.0 = Debug|Any CPU
		{BCDBBF35-27D9-4096-8443-3426B2FED446}.Release|Any CPU.ActiveCfg = Release|Any CPU
		{BCDBBF35-27D9-4096-8443-3426B2FED446}.Release|Any CPU.Build.0 = Release|Any CPU
		{FD534F9F-7BA8-449C-9609-2C88D1485AE2}.Debug|Any CPU.ActiveCfg = Debug|Any CPU
		{FD534F9F-7BA8-449C-9609-2C88D1485AE2}.Debug|Any CPU.Build.0 = Debug|Any CPU
		{FD534F9F-7BA8-449C-9609-2C88D1485AE2}.Release|Any CPU.ActiveCfg = Release|Any CPU
		{FD534F9F-7BA8-449C-9609-2C88D1485AE2}.Release|Any CPU.Build.0 = Release|Any CPU
		{DD6C0325-A488-409E-859E-913F64071076}.Debug|Any CPU.ActiveCfg = Debug|Any CPU
		{DD6C0325-A488-409E-859E-913F64071076}.Debug|Any CPU.Build.0 = Debug|Any CPU
		{DD6C0325-A488-409E-859E-913F64071076}.Release|Any CPU.ActiveCfg = Release|Any CPU
		{DD6C0325-A488-409E-859E-913F64071076}.Release|Any CPU.Build.0 = Release|Any CPU
		{69C72684-176F-476D-B088-8E9A87354092}.Debug|Any CPU.ActiveCfg = Debug|Any CPU
		{69C72684-176F-476D-B088-8E9A87354092}.Debug|Any CPU.Build.0 = Debug|Any CPU
		{69C72684-176F-476D-B088-8E9A87354092}.Release|Any CPU.ActiveCfg = Release|Any CPU
		{69C72684-176F-476D-B088-8E9A87354092}.Release|Any CPU.Build.0 = Release|Any CPU
		{22ED08D2-807C-4EC2-826E-701C01E7B2B6}.Debug|Any CPU.ActiveCfg = Debug|Any CPU
		{22ED08D2-807C-4EC2-826E-701C01E7B2B6}.Debug|Any CPU.Build.0 = Debug|Any CPU
		{22ED08D2-807C-4EC2-826E-701C01E7B2B6}.Release|Any CPU.ActiveCfg = Release|Any CPU
		{22ED08D2-807C-4EC2-826E-701C01E7B2B6}.Release|Any CPU.Build.0 = Release|Any CPU
	EndGlobalSection
	GlobalSection(SolutionProperties) = preSolution
		HideSolutionNode = FALSE
	EndGlobalSection
	GlobalSection(ExtensibilityGlobals) = postSolution
		SolutionGuid = {C54AE056-CF3E-4BE4-B494-12F6D0D28188}
	EndGlobalSection
EndGlobal
